
Microsoft Visual Studio Solution File, Format Version 12.00
Project("{FAE04EC0-301F-11D3-BF4B-00C04F79EFBC}") = "Lesson3", "Lesson3.csproj", "{BC6B13EF-E716-490E-A0CA-0B86AD9FC82F}"
EndProject
Global
	GlobalSection(SolutionConfigurationPlatforms) = preSolution
		Debug|Any CPU = Debug|Any CPU
		Release|Any CPU = Release|Any CPU
	EndGlobalSection
	GlobalSection(ProjectConfigurationPlatforms) = postSolution
		{BC6B13EF-E716-490E-A0CA-0B86AD9FC82F}.Debug|Any CPU.ActiveCfg = Debug|Any CPU
		{BC6B13EF-E716-490E-A0CA-0B86AD9FC82F}.Debug|Any CPU.Build.0 = Debug|Any CPU
		{BC6B13EF-E716-490E-A0CA-0B86AD9FC82F}.Release|Any CPU.ActiveCfg = Release|Any CPU
		{BC6B13EF-E716-490E-A0CA-0B86AD9FC82F}.Release|Any CPU.Build.0 = Release|Any CPU
	EndGlobalSection
EndGlobal
